{
  "name": "demo1.github.io",
  "version": "1.0.0",
  "lockfileVersion": 3,
  "requires": true,
  "packages": {
    "": {
      "name": "demo1.github.io",
      "version": "1.0.0",
      "license": "ISC",
      "dependencies": {
        "sweetalert2": "^11.26.17"
      },
      "devDependencies": {
        "prettier": "3.7.4"
      }
    },
    "node_modules/prettier": {
      "version": "3.7.4",
      "resolved": "https://registry.npmjs.org/prettier/-/prettier-3.7.4.tgz",
      "integrity": "sha512-v6UNi1+3hSlVvv8fSaoUbggEM5VErKmmpGA7Pl3HF8V6uKY7rvClBOJlH6yNwQtfTueNkGVpOv/mtWL9L4bgRA==",
      "dev": true,
      "license": "MIT",
      "bin": {
        "prettier": "bin/prettier.cjs"
      },
      "engines": {
        "node": ">=14"
      },
      "funding": {
        "url": "https://github.com/prettier/prettier?sponsor=1"
      }
    },
    "node_modules/sweetalert2": {
      "version": "11.26.17",
      "resolved": "https://registry.npmjs.org/sweetalert2/-/sweetalert2-11.26.17.tgz",
      "integrity": "sha512-kkaySn1IRfwNlf9AkZVqDmBINDWw9NRR6Ij0O5dBRBOD1+mbtZJWxxR9/pA90nce9E5tIIkJ7SWij4rMWXtA1g==",
      "license": "MIT",
      "funding": {
        "type": "individual",
        "url": "https://github.com/sponsors/limonte"
      }
    }
  }
}
